
Microsoft Visual Studio Solution File, Format Version 12.00
# Visual Studio Version 17
VisualStudioVersion = 17.9.34728.123
MinimumVisualStudioVersion = 10.0.40219.1
Project("{FAE04EC0-301F-11D3-BF4B-00C04F79EFBC}") = "Lesson08", "Lesson08\Lesson08.csproj", "{307D18E1-E8CC-4C57-A996-8AD8A4D35B79}"
EndProject
Global
	GlobalSection(SolutionConfigurationPlatforms) = preSolution
		Debug|Any CPU = Debug|Any CPU
		Release|Any CPU = Release|Any CPU
	EndGlobalSection
	GlobalSection(ProjectConfigurationPlatforms) = postSolution
		{307D18E1-E8CC-4C57-A996-8AD8A4D35B79}.Debug|Any CPU.ActiveCfg = Debug|Any CPU
		{307D18E1-E8CC-4C57-A996-8AD8A4D35B79}.Debug|Any CPU.Build.0 = Debug|Any CPU
		{307D18E1-E8CC-4C57-A996-8AD8A4D35B79}.Release|Any CPU.ActiveCfg = Release|Any CPU
		{307D18E1-E8CC-4C57-A996-8AD8A4D35B79}.Release|Any CPU.Build.0 = Release|Any CPU
	EndGlobalSection
	GlobalSection(SolutionProperties) = preSolution
		HideSolutionNode = FALSE
	EndGlobalSection
	GlobalSection(ExtensibilityGlobals) = postSolution
		SolutionGuid = {257EDDB1-0F64-44AC-8A42-853D2D5D4F7B}
	EndGlobalSection
EndGlobal
