
Microsoft Visual Studio Solution File, Format Version 12.00
# Visual Studio Version 17
VisualStudioVersion = 17.9.34728.123
MinimumVisualStudioVersion = 10.0.40219.1
Project("{9A19103F-16F7-4668-BE54-9A1E7A4F7556}") = "Lesson02", "Lesson02\Lesson02.csproj", "{69D93013-0909-4C7F-8597-320AFA0A565A}"
EndProject
Project("{FAE04EC0-301F-11D3-BF4B-00C04F79EFBC}") = "Lesson02_Lab01", "Lesson02_Lab01\Lesson02_Lab01.csproj", "{4E4029CC-E911-437A-83EC-2D983B84417A}"
EndProject
Project("{FAE04EC0-301F-11D3-BF4B-00C04F79EFBC}") = "Lesson02_Lab02", "Lesson02_Lab02\Lesson02_Lab02.csproj", "{0DDB07A3-8069-4864-9FE0-75F5026AAB88}"
EndProject
Global
	GlobalSection(SolutionConfigurationPlatforms) = preSolution
		Debug|Any CPU = Debug|Any CPU
		Release|Any CPU = Release|Any CPU
	EndGlobalSection
	GlobalSection(ProjectConfigurationPlatforms) = postSolution
		{69D93013-0909-4C7F-8597-320AFA0A565A}.Debug|Any CPU.ActiveCfg = Debug|Any CPU
		{69D93013-0909-4C7F-8597-320AFA0A565A}.Debug|Any CPU.Build.0 = Debug|Any CPU
		{69D93013-0909-4C7F-8597-320AFA0A565A}.Release|Any CPU.ActiveCfg = Release|Any CPU
		{69D93013-0909-4C7F-8597-320AFA0A565A}.Release|Any CPU.Build.0 = Release|Any CPU
		{4E4029CC-E911-437A-83EC-2D983B84417A}.Debug|Any CPU.ActiveCfg = Debug|Any CPU
		{4E4029CC-E911-437A-83EC-2D983B84417A}.Debug|Any CPU.Build.0 = Debug|Any CPU
		{4E4029CC-E911-437A-83EC-2D983B84417A}.Release|Any CPU.ActiveCfg = Release|Any CPU
		{4E4029CC-E911-437A-83EC-2D983B84417A}.Release|Any CPU.Build.0 = Release|Any CPU
		{0DDB07A3-8069-4864-9FE0-75F5026AAB88}.Debug|Any CPU.ActiveCfg = Debug|Any CPU
		{0DDB07A3-8069-4864-9FE0-75F5026AAB88}.Debug|Any CPU.Build.0 = Debug|Any CPU
		{0DDB07A3-8069-4864-9FE0-75F5026AAB88}.Release|Any CPU.ActiveCfg = Release|Any CPU
		{0DDB07A3-8069-4864-9FE0-75F5026AAB88}.Release|Any CPU.Build.0 = Release|Any CPU
	EndGlobalSection
	GlobalSection(SolutionProperties) = preSolution
		HideSolutionNode = FALSE
	EndGlobalSection
	GlobalSection(ExtensibilityGlobals) = postSolution
		SolutionGuid = {6230F56B-F2ED-4ECD-9A7D-38FA619504A7}
	EndGlobalSection
EndGlobal
