
Microsoft Visual Studio Solution File, Format Version 12.00
# Visual Studio Version 17
VisualStudioVersion = 17.9.34728.123
MinimumVisualStudioVersion = 10.0.40219.1
Project("{FAE04EC0-301F-11D3-BF4B-00C04F79EFBC}") = "NETCORE_Lesson03", "NETCORE_Lesson03\NETCORE_Lesson03.csproj", "{78B1B30C-DA19-4612-848A-C3716085C9C8}"
EndProject
Global
	GlobalSection(SolutionConfigurationPlatforms) = preSolution
		Debug|Any CPU = Debug|Any CPU
		Release|Any CPU = Release|Any CPU
	EndGlobalSection
	GlobalSection(ProjectConfigurationPlatforms) = postSolution
		{78B1B30C-DA19-4612-848A-C3716085C9C8}.Debug|Any CPU.ActiveCfg = Debug|Any CPU
		{78B1B30C-DA19-4612-848A-C3716085C9C8}.Debug|Any CPU.Build.0 = Debug|Any CPU
		{78B1B30C-DA19-4612-848A-C3716085C9C8}.Release|Any CPU.ActiveCfg = Release|Any CPU
		{78B1B30C-DA19-4612-848A-C3716085C9C8}.Release|Any CPU.Build.0 = Release|Any CPU
	EndGlobalSection
	GlobalSection(SolutionProperties) = preSolution
		HideSolutionNode = FALSE
	EndGlobalSection
	GlobalSection(ExtensibilityGlobals) = postSolution
		SolutionGuid = {27C4247D-380E-45FF-9020-2E2F5572FD46}
	EndGlobalSection
EndGlobal
